// !$*UTF8*$!
{
	archiveVersion = 1;
	classes = {
	};
	objectVersion = 77;
	objects = {

/* Begin PBXContainerItemProxy section */
		98015C4B2FF6F4DE002516CE /* PBXContainerItemProxy */ = {
			isa = PBXContainerItemProxy;
			containerPortal = 98015C322FF6F4DC002516CE /* Project object */;
			proxyType = 1;
			remoteGlobalIDString = 98015C392FF6F4DC002516CE;
			remoteInfo = PokemonChallenge;
		};
		98015C552FF6F4DE002516CE /* PBXContainerItemProxy */ = {
			isa = PBXContainerItemProxy;
			containerPortal = 98015C322FF6F4DC002516CE /* Project object */;
			proxyType = 1;
			remoteGlobalIDString = 98015C392FF6F4DC002516CE;
			remoteInfo = PokemonChallenge;
		};
/* End PBXContainerItemProxy section */

/* Begin PBXFileReference section */
		98015C3A2FF6F4DC002516CE /* PokemonChallenge.app */ = {isa = PBXFileReference; explicitFileType = wrapper.application; includeInIndex = 0; path = PokemonChallenge.app; sourceTree = BUILT_PRODUCTS_DIR; };
		98015C4A2FF6F4DE002516CE /* PokemonChallengeTests.xctest */ = {isa = PBXFileReference; explicitFileType = wrapper.cfbundle; includeInIndex = 0; path = PokemonChallengeTests.xctest; sourceTree = BUILT_PRODUCTS_DIR; };
		98015C542FF6F4DE002516CE /* PokemonChallengeUITests.xctest */ = {isa = PBXFileReference; explicitFileType = wrapper.cfbundle; includeInIndex = 0; path = PokemonChallengeUITests.xctest; sourceTree = BUILT_PRODUCTS_DIR; };
/* End PBXFileReference section */

/* Begin PBXFileSystemSynchronizedRootGroup section */
		98015C3C2FF6F4DC002516CE /* PokemonChallenge */ = {
			isa = PBXFileSystemSynchronizedRootGroup;
			path = PokemonChallenge;
			sourceTree = "<group>";
		};
		98015C4D2FF6F4DE002516CE /* PokemonChallengeTests */ = {
			isa = PBXFileSystemSynchronizedRootGroup;
			path = PokemonChallengeTests;
			sourceTree = "<group>";
		};
		98015C572FF6F4DE002516CE /* PokemonChallengeUITests */ = {
			isa = PBXFileSystemSynchronizedRootGroup;
			path = PokemonChallengeUITests;
			sourceTree = "<group>";
		};
/* End PBXFileSystemSynchronizedRootGroup section */

/* Begin PBXFrameworksBuildPhase section */
		98015C372FF6F4DC002516CE /* Frameworks */ = {
			isa = PBXFrameworksBuildPhase;
			buildActionMask = 2147483647;
			files = (
			);
			runOnlyForDeploymentPostprocessing = 0;
		};
		98015C472FF6F4DE002516CE /* Frameworks */ = {
			isa = PBXFrameworksBuildPhase;
			buildActionMask = 2147483647;
			files = (
			);
			runOnlyForDeploymentPostprocessing = 0;
		};
		98015C512FF6F4DE002516CE /* Frameworks */ = {
			isa = PBXFrameworksBuildPhase;
			buildActionMask = 2147483647;
			files = (
			);
			runOnlyForDeploymentPostprocessing = 0;
		};
/* End PBXFrameworksBuildPhase section */

/* Begin PBXGroup section */
		98015C312FF6F4DC002516CE = {
			isa = PBXGroup;
			children = (
				98015C3C2FF6F4DC002516CE /* PokemonChallenge */,
				98015C4D2FF6F4DE002516CE /* PokemonChallengeTests */,
				98015C572FF6F4DE002516CE /* PokemonChallengeUITests */,
				98015C3B2FF6F4DC002516CE /* Products */,
			);
			sourceTree = "<group>";
		};
		98015C3B2FF6F4DC002516CE /* Products */ = {
			isa = PBXGroup;
			children = (
				98015C3A2FF6F4DC002516CE /* PokemonChallenge.app */,
				98015C4A2FF6F4DE002516CE /* PokemonChallengeTests.xctest */,
				98015C542FF6F4DE002516CE /* PokemonChallengeUITests.xctest */,
			);
			name = Products;
			sourceTree = "<group>";
		};
/* End PBXGroup section */

/* Begin PBXNativeTarget section */
		98015C392FF6F4DC002516CE /* PokemonChallenge */ = {
			isa = PBXNativeTarget;
			buildConfigurationList = 98015C5E2FF6F4DE002516CE /* Build configuration list for PBXNativeTarget "PokemonChallenge" */;
			buildPhases = (
				98015C362FF6F4DC002516CE /* Sources */,
				98015C372FF6F4DC002516CE /* Frameworks */,
				98015C382FF6F4DC002516CE /* Resources */,
			);
			buildRules = (
			);
			dependencies = (
			);
			fileSystemSynchronizedGroups = (
				98015C3C2FF6F4DC002516CE /* PokemonChallenge */,
			);
			name = PokemonChallenge;
			packageProductDependencies = (
			);
			productName = PokemonChallenge;
			productReference = 98015C3A2FF6F4DC002516CE /* PokemonChallenge.app */;
			productType = "com.apple.product-type.application";
		};
		98015C492FF6F4DE002516CE /* PokemonChallengeTests */ = {
			isa = PBXNativeTarget;
			buildConfigurationList = 98015C612FF6F4DE002516CE /* Build configuration list for PBXNativeTarget "PokemonChallengeTests" */;
			buildPhases = (
				98015C462FF6F4DE002516CE /* Sources */,
				98015C472FF6F4DE002516CE /* Frameworks */,
				98015C482FF6F4DE002516CE /* Resources */,
			);
			buildRules = (
			);
			dependencies = (
				98015C4C2FF6F4DE002516CE /* PBXTargetDependency */,
			);
			fileSystemSynchronizedGroups = (
				98015C4D2FF6F4DE002516CE /* PokemonChallengeTests */,
			);
			name = PokemonChallengeTests;
			packageProductDependencies = (
			);
			productName = PokemonChallengeTests;
			productReference = 98015C4A2FF6F4DE002516CE /* PokemonChallengeTests.xctest */;
			productType = "com.apple.product-type.bundle.unit-test";
		};
		98015C532FF6F4DE002516CE /* PokemonChallengeUITests */ = {
			isa = PBXNativeTarget;
			buildConfigurationList = 98015C642FF6F4DE002516CE /* Build configuration list for PBXNativeTarget "PokemonChallengeUITests" */;
			buildPhases = (
				98015C502FF6F4DE002516CE /* Sources */,
				98015C512FF6F4DE002516CE /* Frameworks */,
				98015C522FF6F4DE002516CE /* Resources */,
			);
			buildRules = (
			);
			dependencies = (
				98015C562FF6F4DE002516CE /* PBXTargetDependency */,
			);
			fileSystemSynchronizedGroups = (
				98015C572FF6F4DE002516CE /* PokemonChallengeUITests */,
			);
			name = PokemonChallengeUITests;
			packageProductDependencies = (
			);
			productName = PokemonChallengeUITests;
			productReference = 98015C542FF6F4DE002516CE /* PokemonChallengeUITests.xctest */;
			productType = "com.apple.product-type.bundle.ui-testing";
		};
/* End PBXNativeTarget section */

/* Begin PBXProject section */
		98015C322FF6F4DC002516CE /* Project object */ = {
			isa = PBXProject;
			attributes = {
				BuildIndependentTargetsInParallel = 1;
				LastSwiftUpdateCheck = 1600;
				LastUpgradeCheck = 1600;
				TargetAttributes = {
					98015C392FF6F4DC002516CE = {
						CreatedOnToolsVersion = 16.0;
					};
					98015C492FF6F4DE002516CE = {
						CreatedOnToolsVersion = 16.0;
						TestTargetID = 98015C392FF6F4DC002516CE;
					};
					98015C532FF6F4DE002516CE = {
						CreatedOnToolsVersion = 16.0;
						TestTargetID = 98015C392FF6F4DC002516CE;
					};
				};
			};
			buildConfigurationList = 98015C352FF6F4DC002516CE /* Build configuration list for PBXProject "PokemonChallenge" */;
			developmentRegion = en;
			hasScannedForEncodings = 0;
			knownRegions = (
				en,
				Base,
			);
			mainGroup = 98015C312FF6F4DC002516CE;
			minimizedProjectReferenceProxies = 1;
			preferredProjectObjectVersion = 77;
			productRefGroup = 98015C3B2FF6F4DC002516CE /* Products */;
			projectDirPath = "";
			projectRoot = "";
			targets = (
				98015C392FF6F4DC002516CE /* PokemonChallenge */,
				98015C492FF6F4DE002516CE /* PokemonChallengeTests */,
				98015C532FF6F4DE002516CE /* PokemonChallengeUITests */,
			);
		};
/* End PBXProject section */

/* Begin PBXResourcesBuildPhase section */
		98015C382FF6F4DC002516CE /* Resources */ = {
			isa = PBXResourcesBuildPhase;
			buildActionMask = 2147483647;
			files = (
			);
			runOnlyForDeploymentPostprocessing = 0;
		};
		98015C482FF6F4DE002516CE /* Resources */ = {
			isa = PBXResourcesBuildPhase;
			buildActionMask = 2147483647;
			files = (
			);
			runOnlyForDeploymentPostprocessing = 0;
		};
		98015C522FF6F4DE002516CE /* Resources */ = {
			isa = PBXResourcesBuildPhase;
			buildActionMask = 2147483647;
			files = (
			);
			runOnlyForDeploymentPostprocessing = 0;
		};
/* End PBXResourcesBuildPhase section */

/* Begin PBXSourcesBuildPhase section */
		98015C362FF6F4DC002516CE /* Sources */ = {
			isa = PBXSourcesBuildPhase;
			buildActionMask = 2147483647;
			files = (
			);
			runOnlyForDeploymentPostprocessing = 0;
		};
		98015C462FF6F4DE002516CE /* Sources */ = {
			isa = PBXSourcesBuildPhase;
			buildActionMask = 2147483647;
			files = (
			);
			runOnlyForDeploymentPostprocessing = 0;
		};
		98015C502FF6F4DE002516CE /* Sources */ = {
			isa = PBXSourcesBuildPhase;
			buildActionMask = 2147483647;
			files = (
			);
			runOnlyForDeploymentPostprocessing = 0;
		};
/* End PBXSourcesBuildPhase section */

/* Begin PBXTargetDependency section */
		98015C4C2FF6F4DE002516CE /* PBXTargetDependency */ = {
			isa = PBXTargetDependency;
			target = 98015C392FF6F4DC002516CE /* PokemonChallenge */;
			targetProxy = 98015C4B2FF6F4DE002516CE /* PBXContainerItemProxy */;
		};
		98015C562FF6F4DE002516CE /* PBXTargetDependency */ = {
			isa = PBXTargetDependency;
			target = 98015C392FF6F4DC002516CE /* PokemonChallenge */;
			targetProxy = 98015C552FF6F4DE002516CE /* PBXContainerItemProxy */;
		};
/* End PBXTargetDependency section */

/* Begin XCBuildConfiguration section */
		98015C5C2FF6F4DE002516CE /* Debug */ = {
			isa = XCBuildConfiguration;
			buildSettings = {
				ALWAYS_SEARCH_USER_PATHS = NO;
				ASSETCATALOG_COMPILER_GENERATE_SWIFT_ASSET_SYMBOL_EXTENSIONS = YES;
				CLANG_ANALYZER_NONNULL = YES;
				CLANG_ANALYZER_NUMBER_OBJECT_CONVERSION = YES_AGGRESSIVE;
				CLANG_CXX_LANGUAGE_STANDARD = "gnu++20";
				CLANG_ENABLE_MODULES = YES;
				CLANG_ENABLE_OBJC_ARC = YES;
				CLANG_ENABLE_OBJC_WEAK = YES;
				CLANG_WARN_BLOCK_CAPTURE_AUTORELEASING = YES;
				CLANG_WARN_BOOL_CONVERSION = YES;
				CLANG_WARN_COMMA = YES;
				CLANG_WARN_CONSTANT_CONVERSION = YES;
				CLANG_WARN_DEPRECATED_OBJC_IMPLEMENTATIONS = YES;
				CLANG_WARN_DIRECT_OBJC_ISA_USAGE = YES_ERROR;
				CLANG_WARN_DOCUMENTATION_COMMENTS = YES;
				CLANG_WARN_EMPTY_BODY = YES;
				CLANG_WARN_ENUM_CONVERSION = YES;
				CLANG_WARN_INFINITE_RECURSION = YES;
				CLANG_WARN_INT_CONVERSION = YES;
				CLANG_WARN_NON_LITERAL_NULL_CONVERSION = YES;
				CLANG_WARN_OBJC_IMPLICIT_RETAIN_SELF = YES;
				CLANG_WARN_OBJC_LITERAL_CONVERSION = YES;
				CLANG_WARN_OBJC_ROOT_CLASS = YES_ERROR;
				CLANG_WARN_QUOTED_INCLUDE_IN_FRAMEWORK_HEADER = YES;
				CLANG_WARN_RANGE_LOOP_ANALYSIS = YES;
				CLANG_WARN_STRICT_PROTOTYPES = YES;
				CLANG_WARN_SUSPICIOUS_MOVE = YES;
				CLANG_WARN_UNGUARDED_AVAILABILITY = YES_AGGRESSIVE;
				CLANG_WARN_UNREACHABLE_CODE = YES;
				CLANG_WARN__DUPLICATE_METHOD_MATCH = YES;
				COPY_PHASE_STRIP = NO;
				DEBUG_INFORMATION_FORMAT = dwarf;
				ENABLE_STRICT_OBJC_MSGSEND = YES;
				ENABLE_TESTABILITY = YES;
				ENABLE_USER_SCRIPT_SANDBOXING = YES;
				GCC_C_LANGUAGE_STANDARD = gnu17;
				GCC_DYNAMIC_NO_PIC = NO;
				GCC_NO_COMMON_BLOCKS = YES;
				GCC_OPTIMIZATION_LEVEL = 0;
				GCC_PREPROCESSOR_DEFINITIONS = (
					"DEBUG=1",
					"$(inherited)",
				);
				GCC_WARN_64_TO_32_BIT_CONVERSION = YES;
				GCC_WARN_ABOUT_RETURN_TYPE = YES_ERROR;
				GCC_WARN_UNDECLARED_SELECTOR = YES;
				GCC_WARN_UNINITIALIZED_AUTOS = YES_AGGRESSIVE;
				GCC_WARN_UNUSED_FUNCTION = YES;
				GCC_WARN_UNUSED_VARIABLE = YES;
				IPHONEOS_DEPLOYMENT_TARGET = 18.0;
				LOCALIZATION_PREFERS_STRING_CATALOGS = YES;
				MTL_ENABLE_DEBUG_INFO = INCLUDE_SOURCE;
				MTL_FAST_MATH = YES;
				ONLY_ACTIVE_ARCH = YES;
				SDKROOT = iphoneos;
				SWIFT_ACTIVE_COMPILATION_CONDITIONS = "DEBUG $(inherited)";
				SWIFT_OPTIMIZATION_LEVEL = "-Onone";
			};
			name = Debug;
		};
		98015C5D2FF6F4DE002516CE /* Release */ = {
			isa = XCBuildConfiguration;
			buildSettings = {
				ALWAYS_SEARCH_USER_PATHS = NO;
				ASSETCATALOG_COMPILER_GENERATE_SWIFT_ASSET_SYMBOL_EXTENSIONS = YES;
				CLANG_ANALYZER_NONNULL = YES;
				CLANG_ANALYZER_NUMBER_OBJECT_CONVERSION = YES_AGGRESSIVE;
				CLANG_CXX_LANGUAGE_STANDARD = "gnu++20";
				CLANG_ENABLE_MODULES = YES;
				CLANG_ENABLE_OBJC_ARC = YES;
				CLANG_ENABLE_OBJC_WEAK = YES;
				CLANG_WARN_BLOCK_CAPTURE_AUTORELEASING = YES;
				CLANG_WARN_BOOL_CONVERSION = YES;
				CLANG_WARN_COMMA = YES;
				CLANG_WARN_CONSTANT_CONVERSION = YES;
				CLANG_WARN_DEPRECATED_OBJC_IMPLEMENTATIONS = YES;
				CLANG_WARN_DIRECT_OBJC_ISA_USAGE = YES_ERROR;
				CLANG_WARN_DOCUMENTATION_COMMENTS = YES;
				CLANG_WARN_EMPTY_BODY = YES;
				CLANG_WARN_ENUM_CONVERSION = YES;
				CLANG_WARN_INFINITE_RECURSION = YES;
				CLANG_WARN_INT_CONVERSION = YES;
				CLANG_WARN_NON_LITERAL_NULL_CONVERSION = YES;
				CLANG_WARN_OBJC_IMPLICIT_RETAIN_SELF = YES;
				CLANG_WARN_OBJC_LITERAL_CONVERSION = YES;
				CLANG_WARN_OBJC_ROOT_CLASS = YES_ERROR;
				CLANG_WARN_QUOTED_INCLUDE_IN_FRAMEWORK_HEADER = YES;
				CLANG_WARN_RANGE_LOOP_ANALYSIS = YES;
				CLANG_WARN_STRICT_PROTOTYPES = YES;
				CLANG_WARN_SUSPICIOUS_MOVE = YES;
				CLANG_WARN_UNGUARDED_AVAILABILITY = YES_AGGRESSIVE;
				CLANG_WARN_UNREACHABLE_CODE = YES;
				CLANG_WARN__DUPLICATE_METHOD_MATCH = YES;
				COPY_PHASE_STRIP = NO;
				DEBUG_INFORMATION_FORMAT = "dwarf-with-dsym";
				ENABLE_NS_ASSERTIONS = NO;
				ENABLE_STRICT_OBJC_MSGSEND = YES;
				ENABLE_USER_SCRIPT_SANDBOXING = YES;
				GCC_C_LANGUAGE_STANDARD = gnu17;
				GCC_NO_COMMON_BLOCKS = YES;
				GCC_WARN_64_TO_32_BIT_CONVERSION = YES;
				GCC_WARN_ABOUT_RETURN_TYPE = YES_ERROR;
				GCC_WARN_UNDECLARED_SELECTOR = YES;
				GCC_WARN_UNINITIALIZED_AUTOS = YES_AGGRESSIVE;
				GCC_WARN_UNUSED_FUNCTION = YES;
				GCC_WARN_UNUSED_VARIABLE = YES;
				IPHONEOS_DEPLOYMENT_TARGET = 18.0;
				LOCALIZATION_PREFERS_STRING_CATALOGS = YES;
				MTL_ENABLE_DEBUG_INFO = NO;
				MTL_FAST_MATH = YES;
				SDKROOT = iphoneos;
				SWIFT_COMPILATION_MODE = wholemodule;
				VALIDATE_PRODUCT = YES;
			};
			name = Release;
		};
		98015C5F2FF6F4DE002516CE /* Debug */ = {
			isa = XCBuildConfiguration;
			buildSettings = {
				ASSETCATALOG_COMPILER_APPICON_NAME = AppIcon;
				ASSETCATALOG_COMPILER_GLOBAL_ACCENT_COLOR_NAME = AccentColor;
				CODE_SIGN_STYLE = Automatic;
				CURRENT_PROJECT_VERSION = 1;
				DEVELOPMENT_ASSET_PATHS = "\"PokemonChallenge/Preview Content\"";
				ENABLE_PREVIEWS = YES;
				GENERATE_INFOPLIST_FILE = YES;
				INFOPLIST_KEY_UIApplicationSceneManifest_Generation = YES;
				INFOPLIST_KEY_UIApplicationSupportsIndirectInputEvents = YES;
				INFOPLIST_KEY_UILaunchScreen_Generation = YES;
				INFOPLIST_KEY_UISupportedInterfaceOrientations_iPad = "UIInterfaceOrientationPortrait UIInterfaceOrientationPortraitUpsideDown UIInterfaceOrientationLandscapeLeft UIInterfaceOrientationLandscapeRight";
				INFOPLIST_KEY_UISupportedInterfaceOrientations_iPhone = "UIInterfaceOrientationPortrait UIInterfaceOrientationLandscapeLeft UIInterfaceOrientationLandscapeRight";
				LD_RUNPATH_SEARCH_PATHS = (
					"$(inherited)",
					"@executable_path/Frameworks",
				);
				MARKETING_VERSION = 1.0;
				PRODUCT_BUNDLE_IDENTIFIER = com.alexis.PokemonChallenge;
				PRODUCT_NAME = "$(TARGET_NAME)";
				SWIFT_EMIT_LOC_STRINGS = YES;
				SWIFT_VERSION = 5.0;
				TARGETED_DEVICE_FAMILY = "1,2";
			};
			name = Debug;
		};
		98015C602FF6F4DE002516CE /* Release */ = {
			isa = XCBuildConfiguration;
			buildSettings = {
				ASSETCATALOG_COMPILER_APPICON_NAME = AppIcon;
				ASSETCATALOG_COMPILER_GLOBAL_ACCENT_COLOR_NAME = AccentColor;
				CODE_SIGN_STYLE = Automatic;
				CURRENT_PROJECT_VERSION = 1;
				DEVELOPMENT_ASSET_PATHS = "\"PokemonChallenge/Preview Content\"";
				ENABLE_PREVIEWS = YES;
				GENERATE_INFOPLIST_FILE = YES;
				INFOPLIST_KEY_UIApplicationSceneManifest_Generation = YES;
				INFOPLIST_KEY_UIApplicationSupportsIndirectInputEvents = YES;
				INFOPLIST_KEY_UILaunchScreen_Generation = YES;
				INFOPLIST_KEY_UISupportedInterfaceOrientations_iPad = "UIInterfaceOrientationPortrait UIInterfaceOrientationPortraitUpsideDown UIInterfaceOrientationLandscapeLeft UIInterfaceOrientationLandscapeRight";
				INFOPLIST_KEY_UISupportedInterfaceOrientations_iPhone = "UIInterfaceOrientationPortrait UIInterfaceOrientationLandscapeLeft UIInterfaceOrientationLandscapeRight";
				LD_RUNPATH_SEARCH_PATHS = (
					"$(inherited)",
					"@executable_path/Frameworks",
				);
				MARKETING_VERSION = 1.0;
				PRODUCT_BUNDLE_IDENTIFIER = com.alexis.PokemonChallenge;
				PRODUCT_NAME = "$(TARGET_NAME)";
				SWIFT_EMIT_LOC_STRINGS = YES;
				SWIFT_VERSION = 5.0;
				TARGETED_DEVICE_FAMILY = "1,2";
			};
			name = Release;
		};
		98015C622FF6F4DE002516CE /* Debug */ = {
			isa = XCBuildConfiguration;
			buildSettings = {
				BUNDLE_LOADER = "$(TEST_HOST)";
				CODE_SIGN_STYLE = Automatic;
				CURRENT_PROJECT_VERSION = 1;
				GENERATE_INFOPLIST_FILE = YES;
				IPHONEOS_DEPLOYMENT_TARGET = 18.0;
				MARKETING_VERSION = 1.0;
				PRODUCT_BUNDLE_IDENTIFIER = com.alexis.PokemonChallengeTests;
				PRODUCT_NAME = "$(TARGET_NAME)";
				SWIFT_EMIT_LOC_STRINGS = NO;
				SWIFT_VERSION = 5.0;
				TARGETED_DEVICE_FAMILY = "1,2";
				TEST_HOST = "$(BUILT_PRODUCTS_DIR)/PokemonChallenge.app/$(BUNDLE_EXECUTABLE_FOLDER_PATH)/PokemonChallenge";
			};
			name = Debug;
		};
		98015C632FF6F4DE002516CE /* Release */ = {
			isa = XCBuildConfiguration;
			buildSettings = {
				BUNDLE_LOADER = "$(TEST_HOST)";
				CODE_SIGN_STYLE = Automatic;
				CURRENT_PROJECT_VERSION = 1;
				GENERATE_INFOPLIST_FILE = YES;
				IPHONEOS_DEPLOYMENT_TARGET = 18.0;
				MARKETING_VERSION = 1.0;
				PRODUCT_BUNDLE_IDENTIFIER = com.alexis.PokemonChallengeTests;
				PRODUCT_NAME = "$(TARGET_NAME)";
				SWIFT_EMIT_LOC_STRINGS = NO;
				SWIFT_VERSION = 5.0;
				TARGETED_DEVICE_FAMILY = "1,2";
				TEST_HOST = "$(BUILT_PRODUCTS_DIR)/PokemonChallenge.app/$(BUNDLE_EXECUTABLE_FOLDER_PATH)/PokemonChallenge";
			};
			name = Release;
		};
		98015C652FF6F4DE002516CE /* Debug */ = {
			isa = XCBuildConfiguration;
			buildSettings = {
				CODE_SIGN_STYLE = Automatic;
				CURRENT_PROJECT_VERSION = 1;
				GENERATE_INFOPLIST_FILE = YES;
				MARKETING_VERSION = 1.0;
				PRODUCT_BUNDLE_IDENTIFIER = com.alexis.PokemonChallengeUITests;
				PRODUCT_NAME = "$(TARGET_NAME)";
				SWIFT_EMIT_LOC_STRINGS = NO;
				SWIFT_VERSION = 5.0;
				TARGETED_DEVICE_FAMILY = "1,2";
				TEST_TARGET_NAME = PokemonChallenge;
			};
			name = Debug;
		};
		98015C662FF6F4DE002516CE /* Release */ = {
			isa = XCBuildConfiguration;
			buildSettings = {
				CODE_SIGN_STYLE = Automatic;
				CURRENT_PROJECT_VERSION = 1;
				GENERATE_INFOPLIST_FILE = YES;
				MARKETING_VERSION = 1.0;
				PRODUCT_BUNDLE_IDENTIFIER = com.alexis.PokemonChallengeUITests;
				PRODUCT_NAME = "$(TARGET_NAME)";
				SWIFT_EMIT_LOC_STRINGS = NO;
				SWIFT_VERSION = 5.0;
				TARGETED_DEVICE_FAMILY = "1,2";
				TEST_TARGET_NAME = PokemonChallenge;
			};
			name = Release;
		};
/* End XCBuildConfiguration section */

/* Begin XCConfigurationList section */
		98015C352FF6F4DC002516CE /* Build configuration list for PBXProject "PokemonChallenge" */ = {
			isa = XCConfigurationList;
			buildConfigurations = (
				98015C5C2FF6F4DE002516CE /* Debug */,
				98015C5D2FF6F4DE002516CE /* Release */,
			);
			defaultConfigurationIsVisible = 0;
			defaultConfigurationName = Release;
		};
		98015C5E2FF6F4DE002516CE /* Build configuration list for PBXNativeTarget "PokemonChallenge" */ = {
			isa = XCConfigurationList;
			buildConfigurations = (
				98015C5F2FF6F4DE002516CE /* Debug */,
				98015C602FF6F4DE002516CE /* Release */,
			);
			defaultConfigurationIsVisible = 0;
			defaultConfigurationName = Release;
		};
		98015C612FF6F4DE002516CE /* Build configuration list for PBXNativeTarget "PokemonChallengeTests" */ = {
			isa = XCConfigurationList;
			buildConfigurations = (
				98015C622FF6F4DE002516CE /* Debug */,
				98015C632FF6F4DE002516CE /* Release */,
			);
			defaultConfigurationIsVisible = 0;
			defaultConfigurationName = Release;
		};
		98015C642FF6F4DE002516CE /* Build configuration list for PBXNativeTarget "PokemonChallengeUITests" */ = {
			isa = XCConfigurationList;
			buildConfigurations = (
				98015C652FF6F4DE002516CE /* Debug */,
				98015C662FF6F4DE002516CE /* Release */,
			);
			defaultConfigurationIsVisible = 0;
			defaultConfigurationName = Release;
		};
/* End XCConfigurationList section */
	};
	rootObject = 98015C322FF6F4DC002516CE /* Project object */;
}
